# This file is automatically @generated by Poetry 2.3.4 and should not be changed by hand.

[[package]]
name = "greenlet"
version = "3.4.0"
description = "Lightweight in-process concurrent programming"
optional = false
python-versions = ">=3.10"
groups = ["main"]
markers = "platform_machine == \"aarch64\" or platform_machine == \"ppc64le\" or platform_machine == \"x86_64\" or platform_machine == \"amd64\" or platform_machine == \"AMD64\" or platform_machine == \"win32\" or platform_machine == \"WIN32\""
files = [
    {file = "greenlet-3.4.0-cp310-cp310-macosx_11_0_universal2.whl", hash = "sha256:d18eae9a7fb0f499efcd146b8c9750a2e1f6e0e93b5a382b3481875354a430e6"},
    {file = "greenlet-3.4.0-cp310-cp310-manylinux_2_24_aarch64.manylinux_2_28_aarch64.whl", hash = "sha256:636d2f95c309e35f650e421c23297d5011716be15d966e6328b367c9fc513a82"},
    {file = "greenlet-3.4.0-cp310-cp310-manylinux_2_24_ppc64le.manylinux_2_28_ppc64le.whl", hash = "sha256:234582c20af9742583c3b2ddfbdbb58a756cfff803763ffaae1ac7990a9fac31"},
    {file = "greenlet-3.4.0-cp310-cp310-manylinux_2_24_s390x.manylinux_2_28_s390x.whl", hash = "sha256:ac6a5f618be581e1e0713aecec8e54093c235e5fa17d6d8eb7ffc487e2300508"},
    {file = "greenlet-3.4.0-cp310-cp310-manylinux_2_24_x86_64.manylinux_2_28_x86_64.whl", hash = "sha256:523677e69cd4711b5a014e37bc1fb3a29947c3e3a5bb6a527e1cc50312e5a398"},
    {file = "greenlet-3.4.0-cp310-cp310-manylinux_2_39_riscv64.whl", hash = "sha256:d336d46878e486de7d9458653c722875547ac8d36a1cff9ffaf4a74a3c1f62eb"},
    {file = "greenlet-3.4.0-cp310-cp310-musllinux_1_2_aarch64.whl", hash = "sha256:b45e45fe47a19051a396abb22e19e7836a59ee6c5a90f3be427343c37908d65b"},
    {file = "greenlet-3.4.0-cp310-cp310-musllinux_1_2_x86_64.whl", hash = "sha256:5434271357be07f3ad0936c312645853b7e689e679e29310e2de09a9ea6c3adf"},
    {file = "greenlet-3.4.0-cp310-cp310-win_amd64.whl", hash = "sha256:a19093fbad824ed7c0f355b5ff4214bffda5f1a7f35f29b31fcaa240cc0135ab"},
    {file = "greenlet-3.4.0-cp311-cp311-macosx_11_0_universal2.whl", hash = "sha256:805bebb4945094acbab757d34d6e1098be6de8966009ab9ca54f06ff492def58"},
    {file = "greenlet-3.4.0-cp311-cp311-manylinux_2_24_aarch64.manylinux_2_28_aarch64.whl", hash = "sha256:439fc2f12b9b512d9dfa681c5afe5f6b3232c708d13e6f02c845e0d9f4c2d8c6"},
    {file = "greenlet-3.4.0-cp311-cp311-manylinux_2_24_ppc64le.manylinux_2_28_ppc64le.whl", hash = "sha256:a70ed1cb0295bee1df57b63bf7f46b4e56a5c93709eea769c1fec1bb23a95875"},
    {file = "greenlet-3.4.0-cp311-cp311-manylinux_2_24_s390x.manylinux_2_28_s390x.whl", hash = "sha256:8c5696c42e6bb5cfb7c6ff4453789081c66b9b91f061e5e9367fa15792644e76"},
    {file = "greenlet-3.4.0-cp311-cp311-manylinux_2_24_x86_64.manylinux_2_28_x86_64.whl", hash = "sha256:c660bce1940a1acae5f51f0a064f1bc785d07ea16efcb4bc708090afc4d69e83"},
    {file = "greenlet-3.4.0-cp311-cp311-manylinux_2_39_riscv64.whl", hash = "sha256:89995ce5ddcd2896d89615116dd39b9703bfa0c07b583b85b89bf1b5d6eddf81"},
    {file = "greenlet-3.4.0-cp311-cp311-musllinux_1_2_aarch64.whl", hash = "sha256:ee407d4d1ca9dc632265aee1c8732c4a2d60adff848057cdebfe5fe94eb2c8a2"},
    {file = "greenlet-3.4.0-cp311-cp311-musllinux_1_2_x86_64.whl", hash = "sha256:956215d5e355fffa7c021d168728321fd4d31fd730ac609b1653b450f6a4bc71"},
    {file = "greenlet-3.4.0-cp311-cp311-win_amd64.whl", hash = "sha256:5cb614ace7c27571270354e9c9f696554d073f8aa9319079dcba466bbdead711"},
    {file = "greenlet-3.4.0-cp311-cp311-win_arm64.whl", hash = "sha256:04403ac74fe295a361f650818de93be11b5038a78f49ccfb64d3b1be8fbf1267"},
    {file = "greenlet-3.4.0-cp312-cp312-macosx_11_0_universal2.whl", hash = "sha256:1a54a921561dd9518d31d2d3db4d7f80e589083063ab4d3e2e950756ef809e1a"},
    {file = "greenlet-3.4.0-cp312-cp312-manylinux_2_24_aarch64.manylinux_2_28_aarch64.whl", hash = "sha256:16dec271460a9a2b154e3b1c2fa1050ce6280878430320e85e08c166772e3f97"},
    {file = "greenlet-3.4.0-cp312-cp312-manylinux_2_24_ppc64le.manylinux_2_28_ppc64le.whl", hash = "sha256:90036ce224ed6fe75508c1907a77e4540176dcf0744473627785dd519c6f9996"},
    {file = "greenlet-3.4.0-cp312-cp312-manylinux_2_24_s390x.manylinux_2_28_s390x.whl", hash = "sha256:6f0def07ec9a71d72315cf26c061aceee53b306c36ed38c35caba952ea1b319d"},
    {file = "greenlet-3.4.0-cp312-cp312-manylinux_2_24_x86_64.manylinux_2_28_x86_64.whl", hash = "sha256:a1c4f6b453006efb8310affb2d132832e9bbb4fc01ce6df6b70d810d38f1f6dc"},
    {file = "greenlet-3.4.0-cp312-cp312-manylinux_2_39_riscv64.whl", hash = "sha256:0e1254cf0cbaa17b04320c3a78575f29f3c161ef38f59c977108f19ffddaf077"},
    {file = "greenlet-3.4.0-cp312-cp312-musllinux_1_2_aarch64.whl", hash = "sha256:9b2d9a138ffa0e306d0e2b72976d2fb10b97e690d40ab36a472acaab0838e2de"},
    {file = "greenlet-3.4.0-cp312-cp312-musllinux_1_2_x86_64.whl", hash = "sha256:8424683caf46eb0eb6f626cb95e008e8cc30d0cb675bdfa48200925c79b38a08"},
    {file = "greenlet-3.4.0-cp312-cp312-win_amd64.whl", hash = "sha256:a0a53fb071531d003b075c444014ff8f8b1a9898d36bb88abd9ac7b3524648a2"},
    {file = "greenlet-3.4.0-cp312-cp312-win_arm64.whl", hash = "sha256:f38b81880ba28f232f1f675893a39cf7b6db25b31cc0a09bb50787ecf957e85e"},
    {file = "greenlet-3.4.0-cp313-cp313-macosx_11_0_universal2.whl", hash = "sha256:43748988b097f9c6f09364f260741aa73c80747f63389824435c7a50bfdfd5c1"},
    {file = "greenlet-3.4.0-cp313-cp313-manylinux_2_24_aarch64.manylinux_2_28_aarch64.whl", hash = "sha256:5566e4e2cd7a880e8c27618e3eab20f3494452d12fd5129edef7b2f7aa9a36d1"},
    {file = "greenlet-3.4.0-cp313-cp313-manylinux_2_24_ppc64le.manylinux_2_28_ppc64le.whl", hash = "sha256:1054c5a3c78e2ab599d452f23f7adafef55062a783a8e241d24f3b633ba6ff82"},
    {file = "greenlet-3.4.0-cp313-cp313-manylinux_2_24_s390x.manylinux_2_28_s390x.whl", hash = "sha256:98eedd1803353daf1cd9ef23eef23eda5a4d22f99b1f998d273a8b78b70dd47f"},
    {file = "greenlet-3.4.0-cp313-cp313-manylinux_2_24_x86_64.manylinux_2_28_x86_64.whl", hash = "sha256:f82cb6cddc27dd81c96b1506f4aa7def15070c3b2a67d4e46fd19016aacce6cf"},
    {file = "greenlet-3.4.0-cp313-cp313-manylinux_2_39_riscv64.whl", hash = "sha256:b7857e2202aae67bc5725e0c1f6403c20a8ff46094ece015e7d474f5f7020b55"},
    {file = "greenlet-3.4.0-cp313-cp313-musllinux_1_2_aarch64.whl", hash = "sha256:227a46251ecba4ff46ae742bc5ce95c91d5aceb4b02f885487aff269c127a729"},
    {file = "greenlet-3.4.0-cp313-cp313-musllinux_1_2_x86_64.whl", hash = "sha256:5b99e87be7eba788dd5b75ba1cde5639edffdec5f91fe0d734a249535ec3408c"},
    {file = "greenlet-3.4.0-cp313-cp313-win_amd64.whl", hash = "sha256:849f8bc17acd6295fcb5de8e46d55cc0e52381c56eaf50a2afd258e97bc65940"},
    {file = "greenlet-3.4.0-cp313-cp313-win_arm64.whl", hash = "sha256:9390ad88b652b1903814eaabd629ca184db15e0eeb6fe8a390bbf8b9106ae15a"},
    {file = "greenlet-3.4.0-cp314-cp314-macosx_11_0_universal2.whl", hash = "sha256:10a07aca6babdd18c16a3f4f8880acfffc2b88dfe431ad6aa5f5740759d7d75e"},
    {file = "greenlet-3.4.0-cp314-cp314-manylinux_2_24_aarch64.manylinux_2_28_aarch64.whl", hash = "sha256:076e21040b3a917d3ce4ad68fb5c3c6b32f1405616c4a57aa83120979649bd3d"},
    {file = "greenlet-3.4.0-cp314-cp314-manylinux_2_24_ppc64le.manylinux_2_28_ppc64le.whl", hash = "sha256:e82689eea4a237e530bb5cb41b180ef81fa2160e1f89422a67be7d90da67f615"},
    {file = "greenlet-3.4.0-cp314-cp314-manylinux_2_24_s390x.manylinux_2_28_s390x.whl", hash = "sha256:06c2d3b89e0c62ba50bd7adf491b14f39da9e7e701647cb7b9ff4c99bee04b19"},
    {file = "greenlet-3.4.0-cp314-cp314-manylinux_2_24_x86_64.manylinux_2_28_x86_64.whl", hash = "sha256:4df3b0b2289ec686d3c821a5fee44259c05cfe824dd5e6e12c8e5f5df23085cf"},
    {file = "greenlet-3.4.0-cp314-cp314-manylinux_2_39_riscv64.whl", hash = "sha256:070b8bac2ff3b4d9e0ff36a0d19e42103331d9737e8504747cd1e659f76297bd"},
    {file = "greenlet-3.4.0-cp314-cp314-musllinux_1_2_aarch64.whl", hash = "sha256:8bff29d586ea415688f4cec96a591fcc3bf762d046a796cdadc1fdb6e7f2d5bf"},
    {file = "greenlet-3.4.0-cp314-cp314-musllinux_1_2_x86_64.whl", hash = "sha256:8a569c2fb840c53c13a2b8967c63621fafbd1a0e015b9c82f408c33d626a2fda"},
    {file = "greenlet-3.4.0-cp314-cp314-win_amd64.whl", hash = "sha256:207ba5b97ea8b0b60eb43ffcacf26969dd83726095161d676aac03ff913ee50d"},
    {file = "greenlet-3.4.0-cp314-cp314-win_arm64.whl", hash = "sha256:f8296d4e2b92af34ebde81085a01690f26a51eb9ac09a0fcadb331eb36dbc802"},
    {file = "greenlet-3.4.0-cp314-cp314t-macosx_11_0_universal2.whl", hash = "sha256:d70012e51df2dbbccfaf63a40aaf9b40c8bed37c3e3a38751c926301ce538ece"},
    {file = "greenlet-3.4.0-cp314-cp314t-manylinux_2_24_aarch64.manylinux_2_28_aarch64.whl", hash = "sha256:a58bec0751f43068cd40cff31bb3ca02ad6000b3a51ca81367af4eb5abc480c8"},
    {file = "greenlet-3.4.0-cp314-cp314t-manylinux_2_24_ppc64le.manylinux_2_28_ppc64le.whl", hash = "sha256:05fa0803561028f4b2e3b490ee41216a842eaee11aed004cc343a996d9523aa2"},
    {file = "greenlet-3.4.0-cp314-cp314t-manylinux_2_24_s390x.manylinux_2_28_s390x.whl", hash = "sha256:c4cd56a9eb7a6444edbc19062f7b6fbc8f287c663b946e3171d899693b1c19fa"},
    {file = "greenlet-3.4.0-cp314-cp314t-manylinux_2_24_x86_64.manylinux_2_28_x86_64.whl", hash = "sha256:e60d38719cb80b3ab5e85f9f1aed4960acfde09868af6762ccb27b260d68f4ed"},
    {file = "greenlet-3.4.0-cp314-cp314t-manylinux_2_39_riscv64.whl", hash = "sha256:1f85f204c4d54134ae850d401fa435c89cd667d5ce9dc567571776b45941af72"},
    {file = "greenlet-3.4.0-cp314-cp314t-musllinux_1_2_aarch64.whl", hash = "sha256:7f50c804733b43eded05ae694691c9aa68bca7d0a867d67d4a3f514742a2d53f"},
    {file = "greenlet-3.4.0-cp314-cp314t-musllinux_1_2_x86_64.whl", hash = "sha256:2d4f0635dc4aa638cda4b2f5a07ae9a2cff9280327b581a3fcb6f317b4fbc38a"},
    {file = "greenlet-3.4.0-cp314-cp314t-win_amd64.whl", hash = "sha256:1a4a48f24681300c640f143ba7c404270e1ebbbcf34331d7104a4ff40f8ea705"},
    {file = "greenlet-3.4.0.tar.gz", hash = "sha256:f50a96b64dafd6169e595a5c56c9146ef80333e67d4476a65a9c55f400fc22ff"},
]

[package.extras]
docs = ["Sphinx", "furo"]
test = ["objgraph", "psutil", "setuptools"]

[[package]]
name = "psycopg2-binary"
version = "2.9.11"
description = "psycopg2 - Python-PostgreSQL Database Adapter"
optional = false
python-versions = ">=3.9"
groups = ["main"]
files = [
    {file = "psycopg2-binary-2.9.11.tar.gz", hash = "sha256:b6aed9e096bf63f9e75edf2581aa9a7e7186d97ab5c177aa6c87797cd591236c"},
    {file = "psycopg2_binary-2.9.11-cp310-cp310-macosx_10_9_x86_64.whl", hash = "sha256:d6fe6b47d0b42ce1c9f1fa3e35bb365011ca22e39db37074458f27921dca40f2"},
    {file = "psycopg2_binary-2.9.11-cp310-cp310-macosx_11_0_arm64.whl", hash = "sha256:a6c0e4262e089516603a09474ee13eabf09cb65c332277e39af68f6233911087"},
    {file = "psycopg2_binary-2.9.11-cp310-cp310-manylinux2014_aarch64.manylinux_2_17_aarch64.whl", hash = "sha256:c47676e5b485393f069b4d7a811267d3168ce46f988fa602658b8bb901e9e64d"},
    {file = "psycopg2_binary-2.9.11-cp310-cp310-manylinux2014_ppc64le.manylinux_2_17_ppc64le.whl", hash = "sha256:a28d8c01a7b27a1e3265b11250ba7557e5f72b5ee9e5f3a2fa8d2949c29bf5d2"},
    {file = "psycopg2_binary-2.9.11-cp310-cp310-manylinux2014_x86_64.manylinux_2_17_x86_64.whl", hash = "sha256:5f3f2732cf504a1aa9e9609d02f79bea1067d99edf844ab92c247bbca143303b"},
    {file = "psycopg2_binary-2.9.11-cp310-cp310-manylinux_2_38_riscv64.manylinux_2_39_riscv64.whl", hash = "sha256:865f9945ed1b3950d968ec4690ce68c55019d79e4497366d36e090327ce7db14"},
    {file = "psycopg2_binary-2.9.11-cp310-cp310-musllinux_1_2_aarch64.whl", hash = "sha256:91537a8df2bde69b1c1db01d6d944c831ca793952e4f57892600e96cee95f2cd"},
    {file = "psycopg2_binary-2.9.11-cp310-cp310-musllinux_1_2_ppc64le.whl", hash = "sha256:4dca1f356a67ecb68c81a7bc7809f1569ad9e152ce7fd02c2f2036862ca9f66b"},
    {file = "psycopg2_binary-2.9.11-cp310-cp310-musllinux_1_2_riscv64.whl", hash = "sha256:0da4de5c1ac69d94ed4364b6cbe7190c1a70d325f112ba783d83f8440285f152"},
    {file = "psycopg2_binary-2.9.11-cp310-cp310-musllinux_1_2_x86_64.whl", hash = "sha256:37d8412565a7267f7d79e29ab66876e55cb5e8e7b3bbf94f8206f6795f8f7e7e"},
    {file = "psycopg2_binary-2.9.11-cp310-cp310-win_amd64.whl", hash = "sha256:c665f01ec8ab273a61c62beeb8cce3014c214429ced8a308ca1fc410ecac3a39"},
    {file = "psycopg2_binary-2.9.11-cp311-cp311-macosx_10_9_x86_64.whl", hash = "sha256:0e8480afd62362d0a6a27dd09e4ca2def6fa50ed3a4e7c09165266106b2ffa10"},
    {file = "psycopg2_binary-2.9.11-cp311-cp311-macosx_11_0_arm64.whl", hash = "sha256:763c93ef1df3da6d1a90f86ea7f3f806dc06b21c198fa87c3c25504abec9404a"},
    {file = "psycopg2_binary-2.9.11-cp311-cp311-manylinux2014_aarch64.manylinux_2_17_aarch64.whl", hash = "sha256:2e164359396576a3cc701ba8af4751ae68a07235d7a380c631184a611220d9a4"},
    {file = "psycopg2_binary-2.9.11-cp311-cp311-manylinux2014_ppc64le.manylinux_2_17_ppc64le.whl", hash = "sha256:d57c9c387660b8893093459738b6abddbb30a7eab058b77b0d0d1c7d521ddfd7"},
    {file = "psycopg2_binary-2.9.11-cp311-cp311-manylinux2014_x86_64.manylinux_2_17_x86_64.whl", hash = "sha256:2c226ef95eb2250974bf6fa7a842082b31f68385c4f3268370e3f3870e7859ee"},
    {file = "psycopg2_binary-2.9.11-cp311-cp311-manylinux_2_38_riscv64.manylinux_2_39_riscv64.whl", hash = "sha256:a311f1edc9967723d3511ea7d2708e2c3592e3405677bf53d5c7246753591fbb"},
    {file = "psycopg2_binary-2.9.11-cp311-cp311-musllinux_1_2_aarch64.whl", hash = "sha256:ebb415404821b6d1c47353ebe9c8645967a5235e6d88f914147e7fd411419e6f"},
    {file = "psycopg2_binary-2.9.11-cp311-cp311-musllinux_1_2_ppc64le.whl", hash = "sha256:f07c9c4a5093258a03b28fab9b4f151aa376989e7f35f855088234e656ee6a94"},
    {file = "psycopg2_binary-2.9.11-cp311-cp311-musllinux_1_2_riscv64.whl", hash = "sha256:00ce1830d971f43b667abe4a56e42c1e2d594b32da4802e44a73bacacb25535f"},
    {file = "psycopg2_binary-2.9.11-cp311-cp311-musllinux_1_2_x86_64.whl", hash = "sha256:cffe9d7697ae7456649617e8bb8d7a45afb71cd13f7ab22af3e5c61f04840908"},
    {file = "psycopg2_binary-2.9.11-cp311-cp311-win_amd64.whl", hash = "sha256:304fd7b7f97eef30e91b8f7e720b3db75fee010b520e434ea35ed1ff22501d03"},
    {file = "psycopg2_binary-2.9.11-cp312-cp312-macosx_10_13_x86_64.whl", hash = "sha256:be9b840ac0525a283a96b556616f5b4820e0526addb8dcf6525a0fa162730be4"},
    {file = "psycopg2_binary-2.9.11-cp312-cp312-macosx_11_0_arm64.whl", hash = "sha256:f090b7ddd13ca842ebfe301cd587a76a4cf0913b1e429eb92c1be5dbeb1a19bc"},
    {file = "psycopg2_binary-2.9.11-cp312-cp312-manylinux2014_aarch64.manylinux_2_17_aarch64.whl", hash = "sha256:ab8905b5dcb05bf3fb22e0cf90e10f469563486ffb6a96569e51f897c750a76a"},
    {file = "psycopg2_binary-2.9.11-cp312-cp312-manylinux2014_ppc64le.manylinux_2_17_ppc64le.whl", hash = "sha256:bf940cd7e7fec19181fdbc29d76911741153d51cab52e5c21165f3262125685e"},
    {file = "psycopg2_binary-2.9.11-cp312-cp312-manylinux2014_x86_64.manylinux_2_17_x86_64.whl", hash = "sha256:fa0f693d3c68ae925966f0b14b8edda71696608039f4ed61b1fe9ffa468d16db"},
    {file = "psycopg2_binary-2.9.11-cp312-cp312-manylinux_2_38_riscv64.manylinux_2_39_riscv64.whl", hash = "sha256:a1cf393f1cdaf6a9b57c0a719a1068ba1069f022a59b8b1fe44b006745b59757"},
    {file = "psycopg2_binary-2.9.11-cp312-cp312-musllinux_1_2_aarch64.whl", hash = "sha256:ef7a6beb4beaa62f88592ccc65df20328029d721db309cb3250b0aae0fa146c3"},
    {file = "psycopg2_binary-2.9.11-cp312-cp312-musllinux_1_2_ppc64le.whl", hash = "sha256:31b32c457a6025e74d233957cc9736742ac5a6cb196c6b68499f6bb51390bd6a"},
    {file = "psycopg2_binary-2.9.11-cp312-cp312-musllinux_1_2_riscv64.whl", hash = "sha256:edcb3aeb11cb4bf13a2af3c53a15b3d612edeb6409047ea0b5d6a21a9d744b34"},
    {file = "psycopg2_binary-2.9.11-cp312-cp312-musllinux_1_2_x86_64.whl", hash = "sha256:62b6d93d7c0b61a1dd6197d208ab613eb7dcfdcca0a49c42ceb082257991de9d"},
    {file = "psycopg2_binary-2.9.11-cp312-cp312-win_amd64.whl", hash = "sha256:b33fabeb1fde21180479b2d4667e994de7bbf0eec22832ba5d9b5e4cf65b6c6d"},
    {file = "psycopg2_binary-2.9.11-cp313-cp313-macosx_10_13_x86_64.whl", hash = "sha256:b8fb3db325435d34235b044b199e56cdf9ff41223a4b9752e8576465170bb38c"},
    {file = "psycopg2_binary-2.9.11-cp313-cp313-macosx_11_0_arm64.whl", hash = "sha256:366df99e710a2acd90efed3764bb1e28df6c675d33a7fb40df9b7281694432ee"},
    {file = "psycopg2_binary-2.9.11-cp313-cp313-manylinux2014_aarch64.manylinux_2_17_aarch64.whl", hash = "sha256:8c55b385daa2f92cb64b12ec4536c66954ac53654c7f15a203578da4e78105c0"},
    {file = "psycopg2_binary-2.9.11-cp313-cp313-manylinux2014_ppc64le.manylinux_2_17_ppc64le.whl", hash = "sha256:c0377174bf1dd416993d16edc15357f6eb17ac998244cca19bc67cdc0e2e5766"},
    {file = "psycopg2_binary-2.9.11-cp313-cp313-manylinux2014_x86_64.manylinux_2_17_x86_64.whl", hash = "sha256:5c6ff3335ce08c75afaed19e08699e8aacf95d4a260b495a4a8545244fe2ceb3"},
    {file = "psycopg2_binary-2.9.11-cp313-cp313-manylinux_2_38_riscv64.manylinux_2_39_riscv64.whl", hash = "sha256:84011ba3109e06ac412f95399b704d3d6950e386b7994475b231cf61eec2fc1f"},
    {file = "psycopg2_binary-2.9.11-cp313-cp313-musllinux_1_2_aarch64.whl", hash = "sha256:ba34475ceb08cccbdd98f6b46916917ae6eeb92b5ae111df10b544c3a4621dc4"},
    {file = "psycopg2_binary-2.9.11-cp313-cp313-musllinux_1_2_ppc64le.whl", hash = "sha256:b31e90fdd0f968c2de3b26ab014314fe814225b6c324f770952f7d38abf17e3c"},
    {file = "psycopg2_binary-2.9.11-cp313-cp313-musllinux_1_2_riscv64.whl", hash = "sha256:d526864e0f67f74937a8fce859bd56c979f5e2ec57ca7c627f5f1071ef7fee60"},
    {file = "psycopg2_binary-2.9.11-cp313-cp313-musllinux_1_2_x86_64.whl", hash = "sha256:04195548662fa544626c8ea0f06561eb6203f1984ba5b4562764fbeb4c3d14b1"},
    {file = "psycopg2_binary-2.9.11-cp313-cp313-win_amd64.whl", hash = "sha256:efff12b432179443f54e230fdf60de1f6cc726b6c832db8701227d089310e8aa"},
    {file = "psycopg2_binary-2.9.11-cp314-cp314-macosx_10_13_x86_64.whl", hash = "sha256:92e3b669236327083a2e33ccfa0d320dd01b9803b3e14dd986a4fc54aa00f4e1"},
    {file = "psycopg2_binary-2.9.11-cp314-cp314-macosx_11_0_arm64.whl", hash = "sha256:e0deeb03da539fa3577fcb0b3f2554a97f7e5477c246098dbb18091a4a01c16f"},
    {file = "psycopg2_binary-2.9.11-cp314-cp314-manylinux2014_aarch64.manylinux_2_17_aarch64.whl", hash = "sha256:9b52a3f9bb540a3e4ec0f6ba6d31339727b2950c9772850d6545b7eae0b9d7c5"},
    {file = "psycopg2_binary-2.9.11-cp314-cp314-manylinux2014_ppc64le.manylinux_2_17_ppc64le.whl", hash = "sha256:db4fd476874ccfdbb630a54426964959e58da4c61c9feba73e6094d51303d7d8"},
    {file = "psycopg2_binary-2.9.11-cp314-cp314-manylinux2014_x86_64.manylinux_2_17_x86_64.whl", hash = "sha256:47f212c1d3be608a12937cc131bd85502954398aaa1320cb4c14421a0ffccf4c"},
    {file = "psycopg2_binary-2.9.11-cp314-cp314-manylinux_2_38_riscv64.manylinux_2_39_riscv64.whl", hash = "sha256:e35b7abae2b0adab776add56111df1735ccc71406e56203515e228a8dc07089f"},
    {file = "psycopg2_binary-2.9.11-cp314-cp314-musllinux_1_2_aarch64.whl", hash = "sha256:fcf21be3ce5f5659daefd2b3b3b6e4727b028221ddc94e6c1523425579664747"},
    {file = "psycopg2_binary-2.9.11-cp314-cp314-musllinux_1_2_ppc64le.whl", hash = "sha256:9bd81e64e8de111237737b29d68039b9c813bdf520156af36d26819c9a979e5f"},
    {file = "psycopg2_binary-2.9.11-cp314-cp314-musllinux_1_2_riscv64.whl", hash = "sha256:32770a4d666fbdafab017086655bcddab791d7cb260a16679cc5a7338b64343b"},
    {file = "psycopg2_binary-2.9.11-cp314-cp314-musllinux_1_2_x86_64.whl", hash = "sha256:c3cb3a676873d7506825221045bd70e0427c905b9c8ee8d6acd70cfcbd6e576d"},
    {file = "psycopg2_binary-2.9.11-cp314-cp314-win_amd64.whl", hash = "sha256:4012c9c954dfaccd28f94e84ab9f94e12df76b4afb22331b1f0d3154893a6316"},
    {file = "psycopg2_binary-2.9.11-cp39-cp39-macosx_10_9_x86_64.whl", hash = "sha256:20e7fb94e20b03dcc783f76c0865f9da39559dcc0c28dd1a3fce0d01902a6b9c"},
    {file = "psycopg2_binary-2.9.11-cp39-cp39-macosx_11_0_arm64.whl", hash = "sha256:4bdab48575b6f870f465b397c38f1b415520e9879fdf10a53ee4f49dcbdf8a21"},
    {file = "psycopg2_binary-2.9.11-cp39-cp39-manylinux2014_aarch64.manylinux_2_17_aarch64.whl", hash = "sha256:9d3a9edcfbe77a3ed4bc72836d466dfce4174beb79eda79ea155cc77237ed9e8"},
    {file = "psycopg2_binary-2.9.11-cp39-cp39-manylinux2014_ppc64le.manylinux_2_17_ppc64le.whl", hash = "sha256:44fc5c2b8fa871ce7f0023f619f1349a0aa03a0857f2c96fbc01c657dcbbdb49"},
    {file = "psycopg2_binary-2.9.11-cp39-cp39-manylinux2014_x86_64.manylinux_2_17_x86_64.whl", hash = "sha256:9c55460033867b4622cda1b6872edf445809535144152e5d14941ef591980edf"},
    {file = "psycopg2_binary-2.9.11-cp39-cp39-manylinux_2_38_riscv64.manylinux_2_39_riscv64.whl", hash = "sha256:2d11098a83cca92deaeaed3d58cfd150d49b3b06ee0d0852be466bf87596899e"},
    {file = "psycopg2_binary-2.9.11-cp39-cp39-musllinux_1_2_aarch64.whl", hash = "sha256:691c807d94aecfbc76a14e1408847d59ff5b5906a04a23e12a89007672b9e819"},
    {file = "psycopg2_binary-2.9.11-cp39-cp39-musllinux_1_2_ppc64le.whl", hash = "sha256:8b81627b691f29c4c30a8f322546ad039c40c328373b11dff7490a3e1b517855"},
    {file = "psycopg2_binary-2.9.11-cp39-cp39-musllinux_1_2_riscv64.whl", hash = "sha256:b637d6d941209e8d96a072d7977238eea128046effbf37d1d8b2c0764750017d"},
    {file = "psycopg2_binary-2.9.11-cp39-cp39-musllinux_1_2_x86_64.whl", hash = "sha256:41360b01c140c2a03d346cec3280cf8a71aa07d94f3b1509fa0161c366af66b4"},
    {file = "psycopg2_binary-2.9.11-cp39-cp39-win_amd64.whl", hash = "sha256:875039274f8a2361e5207857899706da840768e2a775bf8c65e82f60b197df02"},
]

[[package]]
name = "pymysql"
version = "1.1.2"
description = "Pure Python MySQL Driver"
optional = false
python-versions = ">=3.8"
groups = ["main"]
files = [
    {file = "pymysql-1.1.2-py3-none-any.whl", hash = "sha256:e6b1d89711dd51f8f74b1631fe08f039e7d76cf67a42a323d3178f0f25762ed9"},
    {file = "pymysql-1.1.2.tar.gz", hash = "sha256:4961d3e165614ae65014e361811a724e2044ad3ea3739de9903ae7c21f539f03"},
]

[package.extras]
ed25519 = ["PyNaCl (>=1.4.0)"]
rsa = ["cryptography"]

[[package]]
name = "sqlalchemy"
version = "2.0.49"
description = "Database Abstraction Library"
optional = false
python-versions = ">=3.7"
groups = ["main"]
files = [
    {file = "sqlalchemy-2.0.49-cp310-cp310-macosx_11_0_arm64.whl", hash = "sha256:42e8804962f9e6f4be2cbaedc0c3718f08f60a16910fa3d86da5a1e3b1bfe60f"},
    {file = "sqlalchemy-2.0.49-cp310-cp310-manylinux2014_aarch64.manylinux_2_17_aarch64.manylinux_2_28_aarch64.whl", hash = "sha256:cc992c6ed024c8c3c592c5fc9846a03dd68a425674900c70122c77ea16c5fb0b"},
    {file = "sqlalchemy-2.0.49-cp310-cp310-manylinux2014_x86_64.manylinux_2_17_x86_64.manylinux_2_28_x86_64.whl", hash = "sha256:6eb188b84269f357669b62cb576b5b918de10fb7c728a005fa0ebb0b758adce1"},
    {file = "sqlalchemy-2.0.49-cp310-cp310-musllinux_1_2_aarch64.whl", hash = "sha256:62557958002b69699bdb7f5137c6714ca1133f045f97b3903964f47db97ea339"},
    {file = "sqlalchemy-2.0.49-cp310-cp310-musllinux_1_2_x86_64.whl", hash = "sha256:da9b91bca419dc9b9267ffadde24eae9b1a6bffcd09d0a207e5e3af99a03ce0d"},
    {file = "sqlalchemy-2.0.49-cp310-cp310-win32.whl", hash = "sha256:5e61abbec255be7b122aa461021daa7c3f310f3e743411a67079f9b3cc91ece3"},
    {file = "sqlalchemy-2.0.49-cp310-cp310-win_amd64.whl", hash = "sha256:0c98c59075b890df8abfcc6ad632879540f5791c68baebacb4f833713b510e75"},
    {file = "sqlalchemy-2.0.49-cp311-cp311-macosx_11_0_arm64.whl", hash = "sha256:c5070135e1b7409c4161133aa525419b0062088ed77c92b1da95366ec5cbebbe"},
    {file = "sqlalchemy-2.0.49-cp311-cp311-manylinux2014_aarch64.manylinux_2_17_aarch64.manylinux_2_28_aarch64.whl", hash = "sha256:9ac7a3e245fd0310fd31495eb61af772e637bdf7d88ee81e7f10a3f271bff014"},
    {file = "sqlalchemy-2.0.49-cp311-cp311-manylinux2014_x86_64.manylinux_2_17_x86_64.manylinux_2_28_x86_64.whl", hash = "sha256:4d4e5a0ceba319942fa6b585cf82539288a61e314ef006c1209f734551ab9536"},
    {file = "sqlalchemy-2.0.49-cp311-cp311-musllinux_1_2_aarch64.whl", hash = "sha256:3ddcb27fb39171de36e207600116ac9dfd4ae46f86c82a9bf3934043e80ebb88"},
    {file = "sqlalchemy-2.0.49-cp311-cp311-musllinux_1_2_x86_64.whl", hash = "sha256:32fe6a41ad97302db2931f05bb91abbcc65b5ce4c675cd44b972428dd2947700"},
    {file = "sqlalchemy-2.0.49-cp311-cp311-win32.whl", hash = "sha256:46d51518d53edfbe0563662c96954dc8fcace9832332b914375f45a99b77cc9a"},
    {file = "sqlalchemy-2.0.49-cp311-cp311-win_amd64.whl", hash = "sha256:951d4a210744813be63019f3df343bf233b7432aadf0db54c75802247330d3af"},
    {file = "sqlalchemy-2.0.49-cp312-cp312-macosx_11_0_arm64.whl", hash = "sha256:4bbccb45260e4ff1b7db0be80a9025bb1e6698bdb808b83fff0000f7a90b2c0b"},
    {file = "sqlalchemy-2.0.49-cp312-cp312-manylinux2014_aarch64.manylinux_2_17_aarch64.manylinux_2_28_aarch64.whl", hash = "sha256:fb37f15714ec2652d574f021d479e78cd4eb9d04396dca36568fdfffb3487982"},
    {file = "sqlalchemy-2.0.49-cp312-cp312-manylinux2014_x86_64.manylinux_2_17_x86_64.manylinux_2_28_x86_64.whl", hash = "sha256:3bb9ec6436a820a4c006aad1ac351f12de2f2dbdaad171692ee457a02429b672"},
    {file = "sqlalchemy-2.0.49-cp312-cp312-musllinux_1_2_aarch64.whl", hash = "sha256:8d6efc136f44a7e8bc8088507eaabbb8c2b55b3dbb63fe102c690da0ddebe55e"},
    {file = "sqlalchemy-2.0.49-cp312-cp312-musllinux_1_2_x86_64.whl", hash = "sha256:e06e617e3d4fd9e51d385dfe45b077a41e9d1b033a7702551e3278ac597dc750"},
    {file = "sqlalchemy-2.0.49-cp312-cp312-win32.whl", hash = "sha256:83101a6930332b87653886c01d1ee7e294b1fe46a07dd9a2d2b4f91bcc88eec0"},
    {file = "sqlalchemy-2.0.49-cp312-cp312-win_amd64.whl", hash = "sha256:618a308215b6cececb6240b9abde545e3acdabac7ae3e1d4e666896bf5ba44b4"},
    {file = "sqlalchemy-2.0.49-cp313-cp313-macosx_11_0_arm64.whl", hash = "sha256:df2d441bacf97022e81ad047e1597552eb3f83ca8a8f1a1fdd43cd7fe3898120"},
    {file = "sqlalchemy-2.0.49-cp313-cp313-manylinux2014_aarch64.manylinux_2_17_aarch64.manylinux_2_28_aarch64.whl", hash = "sha256:8e20e511dc15265fb433571391ba313e10dd8ea7e509d51686a51313b4ac01a2"},
    {file = "sqlalchemy-2.0.49-cp313-cp313-manylinux2014_x86_64.manylinux_2_17_x86_64.manylinux_2_28_x86_64.whl", hash = "sha256:47604cb2159f8bbd5a1ab48a714557156320f20871ee64d550d8bf2683d980d3"},
    {file = "sqlalchemy-2.0.49-cp313-cp313-musllinux_1_2_aarch64.whl", hash = "sha256:22d8798819f86720bc646ab015baff5ea4c971d68121cb36e2ebc2ee43ead2b7"},
    {file = "sqlalchemy-2.0.49-cp313-cp313-musllinux_1_2_x86_64.whl", hash = "sha256:9b1c058c171b739e7c330760044803099c7fff11511e3ab3573e5327116a9c33"},
    {file = "sqlalchemy-2.0.49-cp313-cp313-win32.whl", hash = "sha256:a143af2ea6672f2af3f44ed8f9cd020e9cc34c56f0e8db12019d5d9ecf41cb3b"},
    {file = "sqlalchemy-2.0.49-cp313-cp313-win_amd64.whl", hash = "sha256:12b04d1db2663b421fe072d638a138460a51d5a862403295671c4f3987fb9148"},
    {file = "sqlalchemy-2.0.49-cp313-cp313t-manylinux2014_aarch64.manylinux_2_17_aarch64.manylinux_2_28_aarch64.whl", hash = "sha256:24bd94bb301ec672d8f0623eba9226cc90d775d25a0c92b5f8e4965d7f3a1518"},
    {file = "sqlalchemy-2.0.49-cp313-cp313t-manylinux2014_x86_64.manylinux_2_17_x86_64.manylinux_2_28_x86_64.whl", hash = "sha256:a51d3db74ba489266ef55c7a4534eb0b8db9a326553df481c11e5d7660c8364d"},
    {file = "sqlalchemy-2.0.49-cp313-cp313t-musllinux_1_2_aarch64.whl", hash = "sha256:55250fe61d6ebfd6934a272ee16ef1244e0f16b7af6cd18ab5b1fc9f08631db0"},
    {file = "sqlalchemy-2.0.49-cp313-cp313t-musllinux_1_2_x86_64.whl", hash = "sha256:46796877b47034b559a593d7e4b549aba151dae73f9e78212a3478161c12ab08"},
    {file = "sqlalchemy-2.0.49-cp313-cp313t-win32.whl", hash = "sha256:9c4969a86e41454f2858256c39bdfb966a20961e9b58bf8749b65abf447e9a8d"},
    {file = "sqlalchemy-2.0.49-cp313-cp313t-win_amd64.whl", hash = "sha256:b9870d15ef00e4d0559ae10ee5bc71b654d1f20076dbe8bc7ed19b4c0625ceba"},
    {file = "sqlalchemy-2.0.49-cp314-cp314-macosx_11_0_arm64.whl", hash = "sha256:233088b4b99ebcbc5258c755a097aa52fbf90727a03a5a80781c4b9c54347a2e"},
    {file = "sqlalchemy-2.0.49-cp314-cp314-manylinux2014_aarch64.manylinux_2_17_aarch64.manylinux_2_28_aarch64.whl", hash = "sha256:57ca426a48eb2c682dae8204cd89ea8ab7031e2675120a47924fabc7caacbc2a"},
    {file = "sqlalchemy-2.0.49-cp314-cp314-manylinux2014_x86_64.manylinux_2_17_x86_64.manylinux_2_28_x86_64.whl", hash = "sha256:685e93e9c8f399b0c96a624799820176312f5ceef958c0f88215af4013d29066"},
    {file = "sqlalchemy-2.0.49-cp314-cp314-musllinux_1_2_aarch64.whl", hash = "sha256:9e0400fa22f79acc334d9a6b185dc00a44a8e6578aa7e12d0ddcd8434152b187"},
    {file = "sqlalchemy-2.0.49-cp314-cp314-musllinux_1_2_x86_64.whl", hash = "sha256:a05977bffe9bffd2229f477fa75eabe3192b1b05f408961d1bebff8d1cd4d401"},
    {file = "sqlalchemy-2.0.49-cp314-cp314-win32.whl", hash = "sha256:0f2fa354ba106eafff2c14b0cc51f22801d1e8b2e4149342023bd6f0955de5f5"},
    {file = "sqlalchemy-2.0.49-cp314-cp314-win_amd64.whl", hash = "sha256:77641d299179c37b89cf2343ca9972c88bb6eef0d5fc504a2f86afd15cd5adf5"},
    {file = "sqlalchemy-2.0.49-cp314-cp314t-manylinux2014_aarch64.manylinux_2_17_aarch64.manylinux_2_28_aarch64.whl", hash = "sha256:c1dc3368794d522f43914e03312202523cc89692f5389c32bea0233924f8d977"},
    {file = "sqlalchemy-2.0.49-cp314-cp314t-manylinux2014_x86_64.manylinux_2_17_x86_64.manylinux_2_28_x86_64.whl", hash = "sha256:7c821c47ecfe05cc32140dcf8dc6fd5d21971c86dbd56eabfe5ba07a64910c01"},
    {file = "sqlalchemy-2.0.49-cp314-cp314t-musllinux_1_2_aarch64.whl", hash = "sha256:9c04bff9a5335eb95c6ecf1c117576a0aa560def274876fd156cfe5510fccc61"},
    {file = "sqlalchemy-2.0.49-cp314-cp314t-musllinux_1_2_x86_64.whl", hash = "sha256:7f605a456948c35260e7b2a39f8952a26f077fd25653c37740ed186b90aaa68a"},
    {file = "sqlalchemy-2.0.49-cp314-cp314t-win32.whl", hash = "sha256:6270d717b11c5476b0cbb21eedc8d4dbb7d1a956fd6c15a23e96f197a6193158"},
    {file = "sqlalchemy-2.0.49-cp314-cp314t-win_amd64.whl", hash = "sha256:275424295f4256fd301744b8f335cff367825d270f155d522b30c7bf49903ee7"},
    {file = "sqlalchemy-2.0.49-cp38-cp38-macosx_11_0_arm64.whl", hash = "sha256:8a97ac839c2c6672c4865e48f3cbad7152cee85f4233fb4ca6291d775b9b954a"},
    {file = "sqlalchemy-2.0.49-cp38-cp38-manylinux2014_aarch64.manylinux_2_17_aarch64.manylinux_2_28_aarch64.whl", hash = "sha256:c338ec6ec01c0bc8e735c58b9f5d51e75bacb6ff23296658826d7cfdfdb8678a"},
    {file = "sqlalchemy-2.0.49-cp38-cp38-manylinux2014_x86_64.manylinux_2_17_x86_64.manylinux_2_28_x86_64.whl", hash = "sha256:566df36fd0e901625523a5a1835032f1ebdd7f7886c54584143fa6c668b4df3b"},
    {file = "sqlalchemy-2.0.49-cp38-cp38-musllinux_1_2_aarch64.whl", hash = "sha256:d99945830a6f3e9638d89a28ed130b1eb24c91255e4f24366fbe699b983f29e4"},
    {file = "sqlalchemy-2.0.49-cp38-cp38-musllinux_1_2_x86_64.whl", hash = "sha256:01146546d84185f12721a1d2ce0c6673451a7894d1460b592d378ca4871a0c72"},
    {file = "sqlalchemy-2.0.49-cp38-cp38-win32.whl", hash = "sha256:69469ce8ce7a8df4d37620e3163b71238719e1e2e5048d114a1b6ce0fbf8c662"},
    {file = "sqlalchemy-2.0.49-cp38-cp38-win_amd64.whl", hash = "sha256:b95b2f470c1b2683febd2e7eab1d3f0e078c91dbdd0b00e9c645d07a413bb99f"},
    {file = "sqlalchemy-2.0.49-cp39-cp39-macosx_11_0_arm64.whl", hash = "sha256:43d044780732d9e0381ac8d5316f95d7f02ef04d6e4ef6dc82379f09795d993f"},
    {file = "sqlalchemy-2.0.49-cp39-cp39-manylinux2014_aarch64.manylinux_2_17_aarch64.manylinux_2_28_aarch64.whl", hash = "sha256:7d6be30b2a75362325176c036d7fb8d19e8846c77e87683ffaa8177b35135613"},
    {file = "sqlalchemy-2.0.49-cp39-cp39-manylinux2014_x86_64.manylinux_2_17_x86_64.manylinux_2_28_x86_64.whl", hash = "sha256:d898cc2c76c135ef65517f4ddd7a3512fb41f23087b0650efb3418b8389a3cd1"},
    {file = "sqlalchemy-2.0.49-cp39-cp39-musllinux_1_2_aarch64.whl", hash = "sha256:059d7151fff513c53a4638da8778be7fce81a0c4854c7348ebd0c4078ddf28fe"},
    {file = "sqlalchemy-2.0.49-cp39-cp39-musllinux_1_2_x86_64.whl", hash = "sha256:334edbcff10514ad1d66e3a70b339c0a29886394892490119dbb669627b17717"},
    {file = "sqlalchemy-2.0.49-cp39-cp39-win32.whl", hash = "sha256:74ab4ee7794d7ed1b0c37e7333640e0f0a626fc7b398c07a7aef52f484fddde3"},
    {file = "sqlalchemy-2.0.49-cp39-cp39-win_amd64.whl", hash = "sha256:88690f4e1f0fbf5339bedbb127e240fec1fd3070e9934c0b7bef83432f779d2f"},
    {file = "sqlalchemy-2.0.49-py3-none-any.whl", hash = "sha256:ec44cfa7ef1a728e88ad41674de50f6db8cfdb3e2af84af86e0041aaf02d43d0"},
    {file = "sqlalchemy-2.0.49.tar.gz", hash = "sha256:d15950a57a210e36dd4cec1aac22787e2a4d57ba9318233e2ef8b2daf9ff2d5f"},
]

[package.dependencies]
greenlet = {version = ">=1", markers = "platform_machine == \"aarch64\" or platform_machine == \"ppc64le\" or platform_machine == \"x86_64\" or platform_machine == \"amd64\" or platform_machine == \"AMD64\" or platform_machine == \"win32\" or platform_machine == \"WIN32\""}
typing-extensions = ">=4.6.0"

[package.extras]
aiomysql = ["aiomysql (>=0.2.0)", "greenlet (>=1)"]
aioodbc = ["aioodbc", "greenlet (>=1)"]
aiosqlite = ["aiosqlite", "greenlet (>=1)", "typing_extensions (!=3.10.0.1)"]
asyncio = ["greenlet (>=1)"]
asyncmy = ["asyncmy (>=0.2.3,!=0.2.4,!=0.2.6)", "greenlet (>=1)"]
mariadb-connector = ["mariadb (>=1.0.1,!=1.1.2,!=1.1.5,!=1.1.10)"]
mssql = ["pyodbc"]
mssql-pymssql = ["pymssql"]
mssql-pyodbc = ["pyodbc"]
mypy = ["mypy (>=0.910)"]
mysql = ["mysqlclient (>=1.4.0)"]
mysql-connector = ["mysql-connector-python"]
oracle = ["cx_oracle (>=8)"]
oracle-oracledb = ["oracledb (>=1.0.1)"]
postgresql = ["psycopg2 (>=2.7)"]
postgresql-asyncpg = ["asyncpg", "greenlet (>=1)"]
postgresql-pg8000 = ["pg8000 (>=1.29.1)"]
postgresql-psycopg = ["psycopg (>=3.0.7)"]
postgresql-psycopg2binary = ["psycopg2-binary"]
postgresql-psycopg2cffi = ["psycopg2cffi"]
postgresql-psycopgbinary = ["psycopg[binary] (>=3.0.7)"]
pymysql = ["pymysql"]
sqlcipher = ["sqlcipher3_binary"]

[[package]]
name = "typing-extensions"
version = "4.15.0"
description = "Backported and Experimental Type Hints for Python 3.9+"
optional = false
python-versions = ">=3.9"
groups = ["main"]
files = [
    {file = "typing_extensions-4.15.0-py3-none-any.whl", hash = "sha256:f0fa19c6845758ab08074a0cfa8b7aecb71c999ca73d62883bc25cc018c4e548"},
    {file = "typing_extensions-4.15.0.tar.gz", hash = "sha256:0cea48d173cc12fa28ecabc3b837ea3cf6f38c6d1136f85cbaaf598984861466"},
]

[metadata]
lock-version = "2.1"
python-versions = ">=3.13"
content-hash = "7d13046bd9666eea5ba48078951b546719fbdcf35840903ec4d6095abe8ca865"
